
Microsoft Visual Studio Solution File, Format Version 12.00
# Visual Studio Version 16
VisualStudioVersion = 16.0.29215.179
MinimumVisualStudioVersion = 10.0.40219.1
Project("{9A19103F-16F7-4668-BE54-9A1E7A4F7556}") = "TicketToolServices", "TicketToolServices\TicketToolServices.csproj", "{8E145FB6-3EAB-4075-9F5B-753206EE55C8}"
EndProject
Global
	GlobalSection(SolutionConfigurationPlatforms) = preSolution
		Debug|Any CPU = Debug|Any CPU
		Release|Any CPU = Release|Any CPU
	EndGlobalSection
	GlobalSection(ProjectConfigurationPlatforms) = postSolution
		{8E145FB6-3EAB-4075-9F5B-753206EE55C8}.Debug|Any CPU.ActiveCfg = Debug|Any CPU
		{8E145FB6-3EAB-4075-9F5B-753206EE55C8}.Debug|Any CPU.Build.0 = Debug|Any CPU
		{8E145FB6-3EAB-4075-9F5B-753206EE55C8}.Release|Any CPU.ActiveCfg = Release|Any CPU
		{8E145FB6-3EAB-4075-9F5B-753206EE55C8}.Release|Any CPU.Build.0 = Release|Any CPU
	EndGlobalSection
	GlobalSection(SolutionProperties) = preSolution
		HideSolutionNode = FALSE
	EndGlobalSection
	GlobalSection(ExtensibilityGlobals) = postSolution
		SolutionGuid = {A6966528-7241-489B-B2FB-8A8A4E2493D8}
	EndGlobalSection
EndGlobal
